
Microsoft Visual Studio Solution File, Format Version 12.00
# Visual Studio Version 17
VisualStudioVersion = 17.14.36623.8 d17.14
MinimumVisualStudioVersion = 10.0.40219.1
Project("{FAE04EC0-301F-11D3-BF4B-00C04F79EFBC}") = "SpendSmart", "SpendSmart\SpendSmart.csproj", "{533B332E-420D-494F-B943-A63DE2469F5C}"
EndProject
Global
	GlobalSection(SolutionConfigurationPlatforms) = preSolution
		Debug|Any CPU = Debug|Any CPU
		Release|Any CPU = Release|Any CPU
	EndGlobalSection
	GlobalSection(ProjectConfigurationPlatforms) = postSolution
		{533B332E-420D-494F-B943-A63DE2469F5C}.Debug|Any CPU.ActiveCfg = Debug|Any CPU
		{533B332E-420D-494F-B943-A63DE2469F5C}.Debug|Any CPU.Build.0 = Debug|Any CPU
		{533B332E-420D-494F-B943-A63DE2469F5C}.Release|Any CPU.ActiveCfg = Release|Any CPU
		{533B332E-420D-494F-B943-A63DE2469F5C}.Release|Any CPU.Build.0 = Release|Any CPU
	EndGlobalSection
	GlobalSection(SolutionProperties) = preSolution
		HideSolutionNode = FALSE
	EndGlobalSection
	GlobalSection(ExtensibilityGlobals) = postSolution
		SolutionGuid = {DC432758-5A32-48C7-AD26-F76439D00CFA}
	EndGlobalSection
EndGlobal
